{
  "name": "get-repo-size",
  "version": "1.0.0",
  "lockfileVersion": 3,
  "requires": true,
  "packages": {
    "": {
      "name": "get-repo-size",
      "version": "1.0.0",
      "license": "MIT",
      "dependencies": {
        "seafret": "^0.0.2"
      }
    },
    "node_modules/seafret": {
      "version": "0.0.2",
      "resolved": "https://registry.npmjs.org/seafret/-/seafret-0.0.2.tgz",
      "integrity": "sha512-CKoDQ/W1StnvIQNiP+Qy63GzKI5w1PtU+jlXSMdRdkmmBLZtW7sqHC5AsINnKeBeU1Di0paH6PnGM2mlIqNtig==",
      "license": "MIT"
    }
  }
}
